
Microsoft Visual Studio Solution File, Format Version 12.00
# Visual Studio Version 17
VisualStudioVersion = 17.9.34622.214
MinimumVisualStudioVersion = 10.0.40219.1
Project("{9A19103F-16F7-4668-BE54-9A1E7A4F7556}") = "GameLoanManager", "GameLoanManager.csproj", "{DD52257F-9B3B-4169-B4BA-123BE9688009}"
EndProject
Global
	GlobalSection(SolutionConfigurationPlatforms) = preSolution
		Debug|Any CPU = Debug|Any CPU
		Release|Any CPU = Release|Any CPU
	EndGlobalSection
	GlobalSection(ProjectConfigurationPlatforms) = postSolution
		{DD52257F-9B3B-4169-B4BA-123BE9688009}.Debug|Any CPU.ActiveCfg = Debug|Any CPU
		{DD52257F-9B3B-4169-B4BA-123BE9688009}.Debug|Any CPU.Build.0 = Debug|Any CPU
		{DD52257F-9B3B-4169-B4BA-123BE9688009}.Release|Any CPU.ActiveCfg = Release|Any CPU
		{DD52257F-9B3B-4169-B4BA-123BE9688009}.Release|Any CPU.Build.0 = Release|Any CPU
	EndGlobalSection
	GlobalSection(SolutionProperties) = preSolution
		HideSolutionNode = FALSE
	EndGlobalSection
	GlobalSection(ExtensibilityGlobals) = postSolution
		SolutionGuid = {6962E265-106F-4330-8F2C-7331CB9F0C15}
	EndGlobalSection
EndGlobal
